
Microsoft Visual Studio Solution File, Format Version 12.00
# Visual Studio Version 17
VisualStudioVersion = 17.9.34607.119
MinimumVisualStudioVersion = 10.0.40219.1
Project("{9A19103F-16F7-4668-BE54-9A1E7A4F7556}") = "MasterContractApplication.Domain", "MasterContractApplication.Domain\MasterContractApplication.Domain.csproj", "{E6E617F2-5688-49FF-8FB8-1B32D925E210}"
EndProject
Project("{9A19103F-16F7-4668-BE54-9A1E7A4F7556}") = "MasterContractApplication.Application", "MasterContractApplication.Application\MasterContractApplication.Application.csproj", "{F445D664-9A1E-47A0-BA59-D7236B0C492E}"
EndProject
Project("{9A19103F-16F7-4668-BE54-9A1E7A4F7556}") = "MasterContractApplication.Infrastructure", "MasterContractApplication.Infrastructure\MasterContractApplication.Infrastructure.csproj", "{589BAD48-4AA4-4C22-9A8F-5AC1D5BC07CF}"
EndProject
Project("{9A19103F-16F7-4668-BE54-9A1E7A4F7556}") = "MasterContractApplication.Api", "MasterContractApplication.Api\MasterContractApplication.Api.csproj", "{FD178A13-C273-4810-92D2-E93DA3EA8BCB}"
EndProject
Project("{9A19103F-16F7-4668-BE54-9A1E7A4F7556}") = "MasterContractApplication.UnitTests", "MasterContractApplication.UnitTests\MasterContractApplication.UnitTests.csproj", "{919667AB-271E-4C09-9707-3165D102A2CB}"
EndProject
Project("{9A19103F-16F7-4668-BE54-9A1E7A4F7556}") = "MasterContractApplication.Portal", "MasterContractApplication.Portal\MasterContractApplication.Portal.csproj", "{C8F62C79-A609-4012-9B67-E8CD0F4200A1}"
EndProject
Project("{FAE04EC0-301F-11D3-BF4B-00C04F79EFBC}") = "MasterContractApplication.Jobs", "MasterContractApplication.Jobs\MasterContractApplication.Jobs.csproj", "{931DF312-F4BB-41F6-885F-1827AFC31AD4}"
EndProject
Global
	GlobalSection(SolutionConfigurationPlatforms) = preSolution
		Debug|Any CPU = Debug|Any CPU
		Release|Any CPU = Release|Any CPU
	EndGlobalSection
	GlobalSection(ProjectConfigurationPlatforms) = postSolution
		{E6E617F2-5688-49FF-8FB8-1B32D925E210}.Debug|Any CPU.ActiveCfg = Debug|Any CPU
		{E6E617F2-5688-49FF-8FB8-1B32D925E210}.Debug|Any CPU.Build.0 = Debug|Any CPU
		{E6E617F2-5688-49FF-8FB8-1B32D925E210}.Release|Any CPU.ActiveCfg = Release|Any CPU
		{E6E617F2-5688-49FF-8FB8-1B32D925E210}.Release|Any CPU.Build.0 = Release|Any CPU
		{F445D664-9A1E-47A0-BA59-D7236B0C492E}.Debug|Any CPU.ActiveCfg = Debug|Any CPU
		{F445D664-9A1E-47A0-BA59-D7236B0C492E}.Debug|Any CPU.Build.0 = Debug|Any CPU
		{F445D664-9A1E-47A0-BA59-D7236B0C492E}.Release|Any CPU.ActiveCfg = Release|Any CPU
		{F445D664-9A1E-47A0-BA59-D7236B0C492E}.Release|Any CPU.Build.0 = Release|Any CPU
		{589BAD48-4AA4-4C22-9A8F-5AC1D5BC07CF}.Debug|Any CPU.ActiveCfg = Debug|Any CPU
		{589BAD48-4AA4-4C22-9A8F-5AC1D5BC07CF}.Debug|Any CPU.Build.0 = Debug|Any CPU
		{589BAD48-4AA4-4C22-9A8F-5AC1D5BC07CF}.Release|Any CPU.ActiveCfg = Release|Any CPU
		{589BAD48-4AA4-4C22-9A8F-5AC1D5BC07CF}.Release|Any CPU.Build.0 = Release|Any CPU
		{FD178A13-C273-4810-92D2-E93DA3EA8BCB}.Debug|Any CPU.ActiveCfg = Debug|Any CPU
		{FD178A13-C273-4810-92D2-E93DA3EA8BCB}.Debug|Any CPU.Build.0 = Debug|Any CPU
		{FD178A13-C273-4810-92D2-E93DA3EA8BCB}.Release|Any CPU.ActiveCfg = Release|Any CPU
		{FD178A13-C273-4810-92D2-E93DA3EA8BCB}.Release|Any CPU.Build.0 = Release|Any CPU
		{919667AB-271E-4C09-9707-3165D102A2CB}.Debug|Any CPU.ActiveCfg = Debug|Any CPU
		{919667AB-271E-4C09-9707-3165D102A2CB}.Debug|Any CPU.Build.0 = Debug|Any CPU
		{919667AB-271E-4C09-9707-3165D102A2CB}.Release|Any CPU.ActiveCfg = Release|Any CPU
		{919667AB-271E-4C09-9707-3165D102A2CB}.Release|Any CPU.Build.0 = Release|Any CPU
		{C8F62C79-A609-4012-9B67-E8CD0F4200A1}.Debug|Any CPU.ActiveCfg = Debug|Any CPU
		{C8F62C79-A609-4012-9B67-E8CD0F4200A1}.Debug|Any CPU.Build.0 = Debug|Any CPU
		{C8F62C79-A609-4012-9B67-E8CD0F4200A1}.Release|Any CPU.ActiveCfg = Release|Any CPU
		{C8F62C79-A609-4012-9B67-E8CD0F4200A1}.Release|Any CPU.Build.0 = Release|Any CPU
		{931DF312-F4BB-41F6-885F-1827AFC31AD4}.Debug|Any CPU.ActiveCfg = Debug|Any CPU
		{931DF312-F4BB-41F6-885F-1827AFC31AD4}.Debug|Any CPU.Build.0 = Debug|Any CPU
		{931DF312-F4BB-41F6-885F-1827AFC31AD4}.Release|Any CPU.ActiveCfg = Release|Any CPU
		{931DF312-F4BB-41F6-885F-1827AFC31AD4}.Release|Any CPU.Build.0 = Release|Any CPU
	EndGlobalSection
	GlobalSection(SolutionProperties) = preSolution
		HideSolutionNode = FALSE
	EndGlobalSection
	GlobalSection(ExtensibilityGlobals) = postSolution
		SolutionGuid = {2C71658F-3EEE-4DFD-AFDC-54295996C2CC}
	EndGlobalSection
EndGlobal
